# This file is automatically @generated by Poetry 1.8.2 and should not be changed by hand.

[[package]]
name = "autopep8"
version = "2.1.0"
description = "A tool that automatically formats Python code to conform to the PEP 8 style guide"
optional = false
python-versions = ">=3.8"
files = [
    {file = "autopep8-2.1.0-py2.py3-none-any.whl", hash = "sha256:2bb76888c5edbcafe6aabab3c47ba534f5a2c2d245c2eddced4a30c4b4946357"},
    {file = "autopep8-2.1.0.tar.gz", hash = "sha256:1fa8964e4618929488f4ec36795c7ff12924a68b8bf01366c094fc52f770b6e7"},
]

[package.dependencies]
pycodestyle = ">=2.11.0"

[[package]]
name = "colorama"
version = "0.4.6"
description = "Cross-platform colored terminal text."
optional = false
python-versions = "!=3.0.*,!=3.1.*,!=3.2.*,!=3.3.*,!=3.4.*,!=3.5.*,!=3.6.*,>=2.7"
files = [
    {file = "colorama-0.4.6-py2.py3-none-any.whl", hash = "sha256:4f1d9991f5acc0ca119f9d443620b77f9d6b33703e51011c16baf57afb285fc6"},
    {file = "colorama-0.4.6.tar.gz", hash = "sha256:08695f5cb7ed6e0531a20572697297273c47b8cae5a63ffc6d6ed5c201be6e44"},
]

[[package]]
name = "flake8"
version = "7.0.0"
description = "the modular source code checker: pep8 pyflakes and co"
optional = false
python-versions = ">=3.8.1"
files = [
    {file = "flake8-7.0.0-py2.py3-none-any.whl", hash = "sha256:a6dfbb75e03252917f2473ea9653f7cd799c3064e54d4c8140044c5c065f53c3"},
    {file = "flake8-7.0.0.tar.gz", hash = "sha256:33f96621059e65eec474169085dc92bf26e7b2d47366b70be2f67ab80dc25132"},
]

[package.dependencies]
mccabe = ">=0.7.0,<0.8.0"
pycodestyle = ">=2.11.0,<2.12.0"
pyflakes = ">=3.2.0,<3.3.0"

[[package]]
name = "iniconfig"
version = "2.0.0"
description = "brain-dead simple config-ini parsing"
optional = false
python-versions = ">=3.7"
files = [
    {file = "iniconfig-2.0.0-py3-none-any.whl", hash = "sha256:b6a85871a79d2e3b22d2d1b94ac2824226a63c6b741c88f7ae975f18b6778374"},
    {file = "iniconfig-2.0.0.tar.gz", hash = "sha256:2d91e135bf72d31a410b17c16da610a82cb55f6b0477d1a902134b24a455b8b3"},
]

[[package]]
name = "isort"
version = "5.13.2"
description = "A Python utility / library to sort Python imports."
optional = false
python-versions = ">=3.8.0"
files = [
    {file = "isort-5.13.2-py3-none-any.whl", hash = "sha256:8ca5e72a8d85860d5a3fa69b8745237f2939afe12dbf656afbcb47fe72d947a6"},
    {file = "isort-5.13.2.tar.gz", hash = "sha256:48fdfcb9face5d58a4f6dde2e72a1fb8dcaf8ab26f95ab49fab84c2ddefb0109"},
]

[package.extras]
colors = ["colorama (>=0.4.6)"]

[[package]]
name = "mccabe"
version = "0.7.0"
description = "McCabe checker, plugin for flake8"
optional = false
python-versions = ">=3.6"
files = [
    {file = "mccabe-0.7.0-py2.py3-none-any.whl", hash = "sha256:6c2d30ab6be0e4a46919781807b4f0d834ebdd6c6e3dca0bda5a15f863427b6e"},
    {file = "mccabe-0.7.0.tar.gz", hash = "sha256:348e0240c33b60bbdf4e523192ef919f28cb2c3d7d5c7794f74009290f236325"},
]

[[package]]
name = "packaging"
version = "24.0"
description = "Core utilities for Python packages"
optional = false
python-versions = ">=3.7"
files = [
    {file = "packaging-24.0-py3-none-any.whl", hash = "sha256:2ddfb553fdf02fb784c234c7ba6ccc288296ceabec964ad2eae3777778130bc5"},
    {file = "packaging-24.0.tar.gz", hash = "sha256:eb82c5e3e56209074766e6885bb04b8c38a0c015d0a30036ebe7ece34c9989e9"},
]

[[package]]
name = "pluggy"
version = "1.4.0"
description = "plugin and hook calling mechanisms for python"
optional = false
python-versions = ">=3.8"
files = [
    {file = "pluggy-1.4.0-py3-none-any.whl", hash = "sha256:7db9f7b503d67d1c5b95f59773ebb58a8c1c288129a88665838012cfb07b8981"},
    {file = "pluggy-1.4.0.tar.gz", hash = "sha256:8c85c2876142a764e5b7548e7d9a0e0ddb46f5185161049a79b7e974454223be"},
]

[package.extras]
dev = ["pre-commit", "tox"]
testing = ["pytest", "pytest-benchmark"]

[[package]]
name = "pycodestyle"
version = "2.11.1"
description = "Python style guide checker"
optional = false
python-versions = ">=3.8"
files = [
    {file = "pycodestyle-2.11.1-py2.py3-none-any.whl", hash = "sha256:44fe31000b2d866f2e41841b18528a505fbd7fef9017b04eff4e2648a0fadc67"},
    {file = "pycodestyle-2.11.1.tar.gz", hash = "sha256:41ba0e7afc9752dfb53ced5489e89f8186be00e599e712660695b7a75ff2663f"},
]

[[package]]
name = "pycryptodomex"
version = "3.20.0"
description = "Cryptographic library for Python"
optional = false
python-versions = ">=2.7, !=3.0.*, !=3.1.*, !=3.2.*, !=3.3.*, !=3.4.*"
files = [
    {file = "pycryptodomex-3.20.0-cp27-cp27m-macosx_10_9_x86_64.whl", hash = "sha256:645bd4ca6f543685d643dadf6a856cc382b654cc923460e3a10a49c1b3832aeb"},
    {file = "pycryptodomex-3.20.0-cp27-cp27m-manylinux2010_i686.whl", hash = "sha256:ff5c9a67f8a4fba4aed887216e32cbc48f2a6fb2673bb10a99e43be463e15913"},
    {file = "pycryptodomex-3.20.0-cp27-cp27m-manylinux2010_x86_64.whl", hash = "sha256:8ee606964553c1a0bc74057dd8782a37d1c2bc0f01b83193b6f8bb14523b877b"},
    {file = "pycryptodomex-3.20.0-cp27-cp27m-manylinux_2_17_aarch64.manylinux2014_aarch64.whl", hash = "sha256:7805830e0c56d88f4d491fa5ac640dfc894c5ec570d1ece6ed1546e9df2e98d6"},
    {file = "pycryptodomex-3.20.0-cp27-cp27m-musllinux_1_1_aarch64.whl", hash = "sha256:bc3ee1b4d97081260d92ae813a83de4d2653206967c4a0a017580f8b9548ddbc"},
    {file = "pycryptodomex-3.20.0-cp27-cp27m-win32.whl", hash = "sha256:8af1a451ff9e123d0d8bd5d5e60f8e3315c3a64f3cdd6bc853e26090e195cdc8"},
    {file = "pycryptodomex-3.20.0-cp27-cp27m-win_amd64.whl", hash = "sha256:cbe71b6712429650e3883dc81286edb94c328ffcd24849accac0a4dbcc76958a"},
    {file = "pycryptodomex-3.20.0-cp27-cp27mu-manylinux2010_i686.whl", hash = "sha256:76bd15bb65c14900d98835fcd10f59e5e0435077431d3a394b60b15864fddd64"},
    {file = "pycryptodomex-3.20.0-cp27-cp27mu-manylinux2010_x86_64.whl", hash = "sha256:653b29b0819605fe0898829c8ad6400a6ccde096146730c2da54eede9b7b8baa"},
    {file = "pycryptodomex-3.20.0-cp27-cp27mu-manylinux_2_17_aarch64.manylinux2014_aarch64.whl", hash = "sha256:62a5ec91388984909bb5398ea49ee61b68ecb579123694bffa172c3b0a107079"},
    {file = "pycryptodomex-3.20.0-cp27-cp27mu-musllinux_1_1_aarch64.whl", hash = "sha256:108e5f1c1cd70ffce0b68739c75734437c919d2eaec8e85bffc2c8b4d2794305"},
    {file = "pycryptodomex-3.20.0-cp35-abi3-macosx_10_9_universal2.whl", hash = "sha256:59af01efb011b0e8b686ba7758d59cf4a8263f9ad35911bfe3f416cee4f5c08c"},
    {file = "pycryptodomex-3.20.0-cp35-abi3-macosx_10_9_x86_64.whl", hash = "sha256:82ee7696ed8eb9a82c7037f32ba9b7c59e51dda6f105b39f043b6ef293989cb3"},
    {file = "pycryptodomex-3.20.0-cp35-abi3-manylinux_2_17_aarch64.manylinux2014_aarch64.whl", hash = "sha256:91852d4480a4537d169c29a9d104dda44094c78f1f5b67bca76c29a91042b623"},
    {file = "pycryptodomex-3.20.0-cp35-abi3-manylinux_2_17_x86_64.manylinux2014_x86_64.whl", hash = "sha256:bca649483d5ed251d06daf25957f802e44e6bb6df2e8f218ae71968ff8f8edc4"},
    {file = "pycryptodomex-3.20.0-cp35-abi3-manylinux_2_5_i686.manylinux1_i686.manylinux_2_17_i686.manylinux2014_i686.whl", hash = "sha256:6e186342cfcc3aafaad565cbd496060e5a614b441cacc3995ef0091115c1f6c5"},
    {file = "pycryptodomex-3.20.0-cp35-abi3-musllinux_1_1_aarch64.whl", hash = "sha256:25cd61e846aaab76d5791d006497134602a9e451e954833018161befc3b5b9ed"},
    {file = "pycryptodomex-3.20.0-cp35-abi3-musllinux_1_1_i686.whl", hash = "sha256:9c682436c359b5ada67e882fec34689726a09c461efd75b6ea77b2403d5665b7"},
    {file = "pycryptodomex-3.20.0-cp35-abi3-musllinux_1_1_x86_64.whl", hash = "sha256:7a7a8f33a1f1fb762ede6cc9cbab8f2a9ba13b196bfaf7bc6f0b39d2ba315a43"},
    {file = "pycryptodomex-3.20.0-cp35-abi3-win32.whl", hash = "sha256:c39778fd0548d78917b61f03c1fa8bfda6cfcf98c767decf360945fe6f97461e"},
    {file = "pycryptodomex-3.20.0-cp35-abi3-win_amd64.whl", hash = "sha256:2a47bcc478741b71273b917232f521fd5704ab4b25d301669879e7273d3586cc"},
    {file = "pycryptodomex-3.20.0-pp27-pypy_73-manylinux2010_x86_64.whl", hash = "sha256:1be97461c439a6af4fe1cf8bf6ca5936d3db252737d2f379cc6b2e394e12a458"},
    {file = "pycryptodomex-3.20.0-pp27-pypy_73-win32.whl", hash = "sha256:19764605feea0df966445d46533729b645033f134baeb3ea26ad518c9fdf212c"},
    {file = "pycryptodomex-3.20.0-pp310-pypy310_pp73-macosx_10_9_x86_64.whl", hash = "sha256:f2e497413560e03421484189a6b65e33fe800d3bd75590e6d78d4dfdb7accf3b"},
    {file = "pycryptodomex-3.20.0-pp310-pypy310_pp73-manylinux_2_17_x86_64.manylinux2014_x86_64.whl", hash = "sha256:e48217c7901edd95f9f097feaa0388da215ed14ce2ece803d3f300b4e694abea"},
    {file = "pycryptodomex-3.20.0-pp310-pypy310_pp73-manylinux_2_5_i686.manylinux1_i686.manylinux_2_17_i686.manylinux2014_i686.whl", hash = "sha256:d00fe8596e1cc46b44bf3907354e9377aa030ec4cd04afbbf6e899fc1e2a7781"},
    {file = "pycryptodomex-3.20.0-pp310-pypy310_pp73-win_amd64.whl", hash = "sha256:88afd7a3af7ddddd42c2deda43d53d3dfc016c11327d0915f90ca34ebda91499"},
    {file = "pycryptodomex-3.20.0-pp39-pypy39_pp73-macosx_10_9_x86_64.whl", hash = "sha256:d3584623e68a5064a04748fb6d76117a21a7cb5eaba20608a41c7d0c61721794"},
    {file = "pycryptodomex-3.20.0-pp39-pypy39_pp73-manylinux_2_17_x86_64.manylinux2014_x86_64.whl", hash = "sha256:0daad007b685db36d977f9de73f61f8da2a7104e20aca3effd30752fd56f73e1"},
    {file = "pycryptodomex-3.20.0-pp39-pypy39_pp73-manylinux_2_5_i686.manylinux1_i686.manylinux_2_17_i686.manylinux2014_i686.whl", hash = "sha256:5dcac11031a71348faaed1f403a0debd56bf5404232284cf8c761ff918886ebc"},
    {file = "pycryptodomex-3.20.0-pp39-pypy39_pp73-win_amd64.whl", hash = "sha256:69138068268127cd605e03438312d8f271135a33140e2742b417d027a0539427"},
    {file = "pycryptodomex-3.20.0.tar.gz", hash = "sha256:7a710b79baddd65b806402e14766c721aee8fb83381769c27920f26476276c1e"},
]

[[package]]
name = "pyflakes"
version = "3.2.0"
description = "passive checker of Python programs"
optional = false
python-versions = ">=3.8"
files = [
    {file = "pyflakes-3.2.0-py2.py3-none-any.whl", hash = "sha256:84b5be138a2dfbb40689ca07e2152deb896a65c3a3e24c251c5c62489568074a"},
    {file = "pyflakes-3.2.0.tar.gz", hash = "sha256:1c61603ff154621fb2a9172037d84dca3500def8c8b630657d1701f026f8af3f"},
]

[[package]]
name = "pytest"
version = "8.1.1"
description = "pytest: simple powerful testing with Python"
optional = false
python-versions = ">=3.8"
files = [
    {file = "pytest-8.1.1-py3-none-any.whl", hash = "sha256:2a8386cfc11fa9d2c50ee7b2a57e7d898ef90470a7a34c4b949ff59662bb78b7"},
    {file = "pytest-8.1.1.tar.gz", hash = "sha256:ac978141a75948948817d360297b7aae0fcb9d6ff6bc9ec6d514b85d5a65c044"},
]

[package.dependencies]
colorama = {version = "*", markers = "sys_platform == \"win32\""}
iniconfig = "*"
packaging = "*"
pluggy = ">=1.4,<2.0"

[package.extras]
testing = ["argcomplete", "attrs (>=19.2)", "hypothesis (>=3.56)", "mock", "pygments (>=2.7.2)", "requests", "setuptools", "xmlschema"]

[metadata]
lock-version = "2.0"
python-versions = "^3.11"
content-hash = "6fa19052844ca141aa1e58d27fb657aacf212421c3da081bb6c0d32cc67f328c"
